{
  "name": "ajs-clone",
  "version": "1.0.0",
  "lockfileVersion": 2,
  "requires": true,
  "packages": {
    "": {
      "name": "ajs-clone",
      "version": "1.0.0",
      "license": "ISC",
      "dependencies": {
        "@egalanin/ajs": "^1.0.0"
      }
    },
    "node_modules/@egalanin/ajs": {
      "version": "1.0.0",
      "resolved": "https://npm.pkg.github.com/download/@egalanin/ajs/1.0.0/96a3ba3c76b39f7d5fac5962cca303649a050999",
      "integrity": "sha512-m2hjtXNeDBeft54m38SVCKL0YX/TTj//RvRng/q5hl9KRatxA22GB7p/tEYqOTpIYOLAQKw8JxHeD1Dh7bNFcA==",
      "license": "ISC"
    }
  },
  "dependencies": {
    "@egalanin/ajs": {
      "version": "1.0.0",
      "resolved": "https://npm.pkg.github.com/download/@egalanin/ajs/1.0.0/96a3ba3c76b39f7d5fac5962cca303649a050999",
      "integrity": "sha512-m2hjtXNeDBeft54m38SVCKL0YX/TTj//RvRng/q5hl9KRatxA22GB7p/tEYqOTpIYOLAQKw8JxHeD1Dh7bNFcA=="
    }
  }
}
